
Microsoft Visual Studio Solution File, Format Version 12.00
# Visual Studio 2013
VisualStudioVersion = 12.0.21005.1
MinimumVisualStudioVersion = 10.0.40219.1
Project("{FAE04EC0-301F-11D3-BF4B-00C04F79EFBC}") = "Test", "Test\Test.csproj", "{DA71EF26-20C8-414E-8EFA-61F05F9934FE}"
EndProject
Project("{FAE04EC0-301F-11D3-BF4B-00C04F79EFBC}") = "QuantBox.Data.Serializer", "QuantBox.Data.Serializer\QuantBox.Data.Serializer.csproj", "{9AA6166D-06E2-4981-8C6A-639C49AB04D9}"
EndProject
Project("{FAE04EC0-301F-11D3-BF4B-00C04F79EFBC}") = "DataInspector", "DataInspector\DataInspector.csproj", "{6A18AB81-FFC3-4A2D-8419-739F8728302C}"
EndProject
Global
	GlobalSection(SolutionConfigurationPlatforms) = preSolution
		Debug|Any CPU = Debug|Any CPU
		Release|Any CPU = Release|Any CPU
	EndGlobalSection
	GlobalSection(ProjectConfigurationPlatforms) = postSolution
		{DA71EF26-20C8-414E-8EFA-61F05F9934FE}.Debug|Any CPU.ActiveCfg = Debug|Any CPU
		{DA71EF26-20C8-414E-8EFA-61F05F9934FE}.Debug|Any CPU.Build.0 = Debug|Any CPU
		{DA71EF26-20C8-414E-8EFA-61F05F9934FE}.Release|Any CPU.ActiveCfg = Release|Any CPU
		{DA71EF26-20C8-414E-8EFA-61F05F9934FE}.Release|Any CPU.Build.0 = Release|Any CPU
		{9AA6166D-06E2-4981-8C6A-639C49AB04D9}.Debug|Any CPU.ActiveCfg = Debug|Any CPU
		{9AA6166D-06E2-4981-8C6A-639C49AB04D9}.Debug|Any CPU.Build.0 = Debug|Any CPU
		{9AA6166D-06E2-4981-8C6A-639C49AB04D9}.Release|Any CPU.ActiveCfg = Release|Any CPU
		{9AA6166D-06E2-4981-8C6A-639C49AB04D9}.Release|Any CPU.Build.0 = Release|Any CPU
		{6A18AB81-FFC3-4A2D-8419-739F8728302C}.Debug|Any CPU.ActiveCfg = Debug|Any CPU
		{6A18AB81-FFC3-4A2D-8419-739F8728302C}.Debug|Any CPU.Build.0 = Debug|Any CPU
		{6A18AB81-FFC3-4A2D-8419-739F8728302C}.Release|Any CPU.ActiveCfg = Release|Any CPU
		{6A18AB81-FFC3-4A2D-8419-739F8728302C}.Release|Any CPU.Build.0 = Release|Any CPU
	EndGlobalSection
	GlobalSection(SolutionProperties) = preSolution
		HideSolutionNode = FALSE
	EndGlobalSection
EndGlobal
