
Microsoft Visual Studio Solution File, Format Version 12.00
# Visual Studio 2013
VisualStudioVersion = 12.0.21005.1
MinimumVisualStudioVersion = 10.0.40219.1
Project("{FAE04EC0-301F-11D3-BF4B-00C04F79EFBC}") = "Test", "Test\Test.csproj", "{DA71EF26-20C8-414E-8EFA-61F05F9934FE}"
EndProject
Project("{FAE04EC0-301F-11D3-BF4B-00C04F79EFBC}") = "DataInspector", "DataInspector\DataInspector.csproj", "{6A18AB81-FFC3-4A2D-8419-739F8728302C}"
EndProject
Project("{2150E333-8FDC-42A3-9474-1A3956D46DE8}") = "csharp", "csharp", "{96AEA108-8B01-4AE2-A5EC-E8147D8DDF1F}"
EndProject
Project("{2150E333-8FDC-42A3-9474-1A3956D46DE8}") = "cpp", "cpp", "{C5DC5A5E-F751-45C3-9EB5-709BC5D3C065}"
EndProject
Project("{FAE04EC0-301F-11D3-BF4B-00C04F79EFBC}") = "QuantBox.Data.Serializer", "csharp\QuantBox.Data.Serializer\QuantBox.Data.Serializer.csproj", "{9AA6166D-06E2-4981-8C6A-639C49AB04D9}"
EndProject
Project("{8BC9CEB8-8B4A-11D0-8D11-00A0C91BC942}") = "QuantBox.Data.Serializer.Cpp", "cpp\QuantBox.Data.Serializer.Cpp\QuantBox.Data.Serializer.Cpp.vcxproj", "{448AA5E0-E5A8-4FF4-B0E3-EFB72E7623FD}"
EndProject
Global
	GlobalSection(SolutionConfigurationPlatforms) = preSolution
		Debug|Any CPU = Debug|Any CPU
		Debug|Mixed Platforms = Debug|Mixed Platforms
		Debug|Win32 = Debug|Win32
		Release|Any CPU = Release|Any CPU
		Release|Mixed Platforms = Release|Mixed Platforms
		Release|Win32 = Release|Win32
	EndGlobalSection
	GlobalSection(ProjectConfigurationPlatforms) = postSolution
		{DA71EF26-20C8-414E-8EFA-61F05F9934FE}.Debug|Any CPU.ActiveCfg = Debug|Any CPU
		{DA71EF26-20C8-414E-8EFA-61F05F9934FE}.Debug|Any CPU.Build.0 = Debug|Any CPU
		{DA71EF26-20C8-414E-8EFA-61F05F9934FE}.Debug|Mixed Platforms.ActiveCfg = Debug|Any CPU
		{DA71EF26-20C8-414E-8EFA-61F05F9934FE}.Debug|Mixed Platforms.Build.0 = Debug|Any CPU
		{DA71EF26-20C8-414E-8EFA-61F05F9934FE}.Debug|Win32.ActiveCfg = Debug|Any CPU
		{DA71EF26-20C8-414E-8EFA-61F05F9934FE}.Release|Any CPU.ActiveCfg = Release|Any CPU
		{DA71EF26-20C8-414E-8EFA-61F05F9934FE}.Release|Any CPU.Build.0 = Release|Any CPU
		{DA71EF26-20C8-414E-8EFA-61F05F9934FE}.Release|Mixed Platforms.ActiveCfg = Release|Any CPU
		{DA71EF26-20C8-414E-8EFA-61F05F9934FE}.Release|Mixed Platforms.Build.0 = Release|Any CPU
		{DA71EF26-20C8-414E-8EFA-61F05F9934FE}.Release|Win32.ActiveCfg = Release|Any CPU
		{6A18AB81-FFC3-4A2D-8419-739F8728302C}.Debug|Any CPU.ActiveCfg = Debug|Any CPU
		{6A18AB81-FFC3-4A2D-8419-739F8728302C}.Debug|Any CPU.Build.0 = Debug|Any CPU
		{6A18AB81-FFC3-4A2D-8419-739F8728302C}.Debug|Mixed Platforms.ActiveCfg = Debug|Any CPU
		{6A18AB81-FFC3-4A2D-8419-739F8728302C}.Debug|Mixed Platforms.Build.0 = Debug|Any CPU
		{6A18AB81-FFC3-4A2D-8419-739F8728302C}.Debug|Win32.ActiveCfg = Debug|Any CPU
		{6A18AB81-FFC3-4A2D-8419-739F8728302C}.Release|Any CPU.ActiveCfg = Release|Any CPU
		{6A18AB81-FFC3-4A2D-8419-739F8728302C}.Release|Any CPU.Build.0 = Release|Any CPU
		{6A18AB81-FFC3-4A2D-8419-739F8728302C}.Release|Mixed Platforms.ActiveCfg = Release|Any CPU
		{6A18AB81-FFC3-4A2D-8419-739F8728302C}.Release|Mixed Platforms.Build.0 = Release|Any CPU
		{6A18AB81-FFC3-4A2D-8419-739F8728302C}.Release|Win32.ActiveCfg = Release|Any CPU
		{9AA6166D-06E2-4981-8C6A-639C49AB04D9}.Debug|Any CPU.ActiveCfg = Debug|Any CPU
		{9AA6166D-06E2-4981-8C6A-639C49AB04D9}.Debug|Any CPU.Build.0 = Debug|Any CPU
		{9AA6166D-06E2-4981-8C6A-639C49AB04D9}.Debug|Mixed Platforms.ActiveCfg = Debug|Any CPU
		{9AA6166D-06E2-4981-8C6A-639C49AB04D9}.Debug|Mixed Platforms.Build.0 = Debug|Any CPU
		{9AA6166D-06E2-4981-8C6A-639C49AB04D9}.Debug|Win32.ActiveCfg = Debug|Any CPU
		{9AA6166D-06E2-4981-8C6A-639C49AB04D9}.Release|Any CPU.ActiveCfg = Release|Any CPU
		{9AA6166D-06E2-4981-8C6A-639C49AB04D9}.Release|Any CPU.Build.0 = Release|Any CPU
		{9AA6166D-06E2-4981-8C6A-639C49AB04D9}.Release|Mixed Platforms.ActiveCfg = Release|Any CPU
		{9AA6166D-06E2-4981-8C6A-639C49AB04D9}.Release|Mixed Platforms.Build.0 = Release|Any CPU
		{9AA6166D-06E2-4981-8C6A-639C49AB04D9}.Release|Win32.ActiveCfg = Release|Any CPU
		{448AA5E0-E5A8-4FF4-B0E3-EFB72E7623FD}.Debug|Any CPU.ActiveCfg = Debug|Win32
		{448AA5E0-E5A8-4FF4-B0E3-EFB72E7623FD}.Debug|Mixed Platforms.ActiveCfg = Debug|Win32
		{448AA5E0-E5A8-4FF4-B0E3-EFB72E7623FD}.Debug|Mixed Platforms.Build.0 = Debug|Win32
		{448AA5E0-E5A8-4FF4-B0E3-EFB72E7623FD}.Debug|Win32.ActiveCfg = Debug|Win32
		{448AA5E0-E5A8-4FF4-B0E3-EFB72E7623FD}.Debug|Win32.Build.0 = Debug|Win32
		{448AA5E0-E5A8-4FF4-B0E3-EFB72E7623FD}.Release|Any CPU.ActiveCfg = Release|Win32
		{448AA5E0-E5A8-4FF4-B0E3-EFB72E7623FD}.Release|Mixed Platforms.ActiveCfg = Release|Win32
		{448AA5E0-E5A8-4FF4-B0E3-EFB72E7623FD}.Release|Mixed Platforms.Build.0 = Release|Win32
		{448AA5E0-E5A8-4FF4-B0E3-EFB72E7623FD}.Release|Win32.ActiveCfg = Release|Win32
		{448AA5E0-E5A8-4FF4-B0E3-EFB72E7623FD}.Release|Win32.Build.0 = Release|Win32
	EndGlobalSection
	GlobalSection(SolutionProperties) = preSolution
		HideSolutionNode = FALSE
	EndGlobalSection
	GlobalSection(NestedProjects) = preSolution
		{9AA6166D-06E2-4981-8C6A-639C49AB04D9} = {96AEA108-8B01-4AE2-A5EC-E8147D8DDF1F}
		{448AA5E0-E5A8-4FF4-B0E3-EFB72E7623FD} = {C5DC5A5E-F751-45C3-9EB5-709BC5D3C065}
	EndGlobalSection
EndGlobal
